// !$*UTF8*$!
{
	archiveVersion = 1;
	classes = {
	};
	objectVersion = 50;
	objects = {

/* Begin PBXBuildFile section */
		454AB7FF21424BF200DF9BB1 /* AppDelegate.m in Sources */ = {isa = PBXBuildFile; fileRef = 454AB7FE21424BF200DF9BB1 /* AppDelegate.m */; };
		454AB80221424BF200DF9BB1 /* ViewController.m in Sources */ = {isa = PBXBuildFile; fileRef = 454AB80121424BF200DF9BB1 /* ViewController.m */; };
		454AB80521424BF200DF9BB1 /* Main.storyboard in Resources */ = {isa = PBXBuildFile; fileRef = 454AB80321424BF200DF9BB1 /* Main.storyboard */; };
		454AB80721424BF400DF9BB1 /* Assets.xcassets in Resources */ = {isa = PBXBuildFile; fileRef = 454AB80621424BF400DF9BB1 /* Assets.xcassets */; };
		454AB80A21424BF400DF9BB1 /* LaunchScreen.storyboard in Resources */ = {isa = PBXBuildFile; fileRef = 454AB80821424BF400DF9BB1 /* LaunchScreen.storyboard */; };
		454AB80D21424BF400DF9BB1 /* main.m in Sources */ = {isa = PBXBuildFile; fileRef = 454AB80C21424BF400DF9BB1 /* main.m */; };
/* End PBXBuildFile section */

/* Begin PBXFileReference section */
		454AB7FA21424BF200DF9BB1 /* MulThreading.app */ = {isa = PBXFileReference; explicitFileType = wrapper.application; includeInIndex = 0; path = MulThreading.app; sourceTree = BUILT_PRODUCTS_DIR; };
		454AB7FD21424BF200DF9BB1 /* AppDelegate.h */ = {isa = PBXFileReference; lastKnownFileType = sourcecode.c.h; path = AppDelegate.h; sourceTree = "<group>"; };
		454AB7FE21424BF200DF9BB1 /* AppDelegate.m */ = {isa = PBXFileReference; lastKnownFileType = sourcecode.c.objc; path = AppDelegate.m; sourceTree = "<group>"; };
		454AB80021424BF200DF9BB1 /* ViewController.h */ = {isa = PBXFileReference; lastKnownFileType = sourcecode.c.h; path = ViewController.h; sourceTree = "<group>"; };
		454AB80121424BF200DF9BB1 /* ViewController.m */ = {isa = PBXFileReference; lastKnownFileType = sourcecode.c.objc; path = ViewController.m; sourceTree = "<group>"; };
		454AB80421424BF200DF9BB1 /* Base */ = {isa = PBXFileReference; lastKnownFileType = file.storyboard; name = Base; path = Base.lproj/Main.storyboard; sourceTree = "<group>"; };
		454AB80621424BF400DF9BB1 /* Assets.xcassets */ = {isa = PBXFileReference; lastKnownFileType = folder.assetcatalog; path = Assets.xcassets; sourceTree = "<group>"; };
		454AB80921424BF400DF9BB1 /* Base */ = {isa = PBXFileReference; lastKnownFileType = file.storyboard; name = Base; path = Base.lproj/LaunchScreen.storyboard; sourceTree = "<group>"; };
		454AB80B21424BF400DF9BB1 /* Info.plist */ = {isa = PBXFileReference; lastKnownFileType = text.plist.xml; path = Info.plist; sourceTree = "<group>"; };
		454AB80C21424BF400DF9BB1 /* main.m */ = {isa = PBXFileReference; lastKnownFileType = sourcecode.c.objc; path = main.m; sourceTree = "<group>"; };
/* End PBXFileReference section */

/* Begin PBXFrameworksBuildPhase section */
		454AB7F721424BF200DF9BB1 /* Frameworks */ = {
			isa = PBXFrameworksBuildPhase;
			buildActionMask = 2147483647;
			files = (
			);
			runOnlyForDeploymentPostprocessing = 0;
		};
/* End PBXFrameworksBuildPhase section */

/* Begin PBXGroup section */
		454AB7F121424BF200DF9BB1 = {
			isa = PBXGroup;
			children = (
				454AB7FC21424BF200DF9BB1 /* MulThreading */,
				454AB7FB21424BF200DF9BB1 /* Products */,
			);
			sourceTree = "<group>";
		};
		454AB7FB21424BF200DF9BB1 /* Products */ = {
			isa = PBXGroup;
			children = (
				454AB7FA21424BF200DF9BB1 /* MulThreading.app */,
			);
			name = Products;
			sourceTree = "<group>";
		};
		454AB7FC21424BF200DF9BB1 /* MulThreading */ = {
			isa = PBXGroup;
			children = (
				454AB7FD21424BF200DF9BB1 /* AppDelegate.h */,
				454AB7FE21424BF200DF9BB1 /* AppDelegate.m */,
				454AB80021424BF200DF9BB1 /* ViewController.h */,
				454AB80121424BF200DF9BB1 /* ViewController.m */,
				454AB80321424BF200DF9BB1 /* Main.storyboard */,
				454AB80621424BF400DF9BB1 /* Assets.xcassets */,
				454AB80821424BF400DF9BB1 /* LaunchScreen.storyboard */,
				454AB80B21424BF400DF9BB1 /* Info.plist */,
				454AB80C21424BF400DF9BB1 /* main.m */,
			);
			path = MulThreading;
			sourceTree = "<group>";
		};
/* End PBXGroup section */

/* Begin PBXNativeTarget section */
		454AB7F921424BF200DF9BB1 /* MulThreading */ = {
			isa = PBXNativeTarget;
			buildConfigurationList = 454AB81021424BF400DF9BB1 /* Build configuration list for PBXNativeTarget "MulThreading" */;
			buildPhases = (
				454AB7F621424BF200DF9BB1 /* Sources */,
				454AB7F721424BF200DF9BB1 /* Frameworks */,
				454AB7F821424BF200DF9BB1 /* Resources */,
			);
			buildRules = (
			);
			dependencies = (
			);
			name = MulThreading;
			productName = MulThreading;
			productReference = 454AB7FA21424BF200DF9BB1 /* MulThreading.app */;
			productType = "com.apple.product-type.application";
		};
/* End PBXNativeTarget section */

/* Begin PBXProject section */
		454AB7F221424BF200DF9BB1 /* Project object */ = {
			isa = PBXProject;
			attributes = {
				LastUpgradeCheck = 0940;
				ORGANIZATIONNAME = Joky_Lee;
				TargetAttributes = {
					454AB7F921424BF200DF9BB1 = {
						CreatedOnToolsVersion = 9.4.1;
					};
				};
			};
			buildConfigurationList = 454AB7F521424BF200DF9BB1 /* Build configuration list for PBXProject "MulThreading" */;
			compatibilityVersion = "Xcode 9.3";
			developmentRegion = en;
			hasScannedForEncodings = 0;
			knownRegions = (
				en,
				Base,
			);
			mainGroup = 454AB7F121424BF200DF9BB1;
			productRefGroup = 454AB7FB21424BF200DF9BB1 /* Products */;
			projectDirPath = "";
			projectRoot = "";
			targets = (
				454AB7F921424BF200DF9BB1 /* MulThreading */,
			);
		};
/* End PBXProject section */

/* Begin PBXResourcesBuildPhase section */
		454AB7F821424BF200DF9BB1 /* Resources */ = {
			isa = PBXResourcesBuildPhase;
			buildActionMask = 2147483647;
			files = (
				454AB80A21424BF400DF9BB1 /* LaunchScreen.storyboard in Resources */,
				454AB80721424BF400DF9BB1 /* Assets.xcassets in Resources */,
				454AB80521424BF200DF9BB1 /* Main.storyboard in Resources */,
			);
			runOnlyForDeploymentPostprocessing = 0;
		};
/* End PBXResourcesBuildPhase section */

/* Begin PBXSourcesBuildPhase section */
		454AB7F621424BF200DF9BB1 /* Sources */ = {
			isa = PBXSourcesBuildPhase;
			buildActionMask = 2147483647;
			files = (
				454AB80221424BF200DF9BB1 /* ViewController.m in Sources */,
				454AB80D21424BF400DF9BB1 /* main.m in Sources */,
				454AB7FF21424BF200DF9BB1 /* AppDelegate.m in Sources */,
			);
			runOnlyForDeploymentPostprocessing = 0;
		};
/* End PBXSourcesBuildPhase section */

/* Begin PBXVariantGroup section */
		454AB80321424BF200DF9BB1 /* Main.storyboard */ = {
			isa = PBXVariantGroup;
			children = (
				454AB80421424BF200DF9BB1 /* Base */,
			);
			name = Main.storyboard;
			sourceTree = "<group>";
		};
		454AB80821424BF400DF9BB1 /* LaunchScreen.storyboard */ = {
			isa = PBXVariantGroup;
			children = (
				454AB80921424BF400DF9BB1 /* Base */,
			);
			name = LaunchScreen.storyboard;
			sourceTree = "<group>";
		};
/* End PBXVariantGroup section */

/* Begin XCBuildConfiguration section */
		454AB80E21424BF400DF9BB1 /* Debug */ = {
			isa = XCBuildConfiguration;
			buildSettings = {
				ALWAYS_SEARCH_USER_PATHS = NO;
				CLANG_ANALYZER_NONNULL = YES;
				CLANG_ANALYZER_NUMBER_OBJECT_CONVERSION = YES_AGGRESSIVE;
				CLANG_CXX_LANGUAGE_STANDARD = "gnu++14";
				CLANG_CXX_LIBRARY = "libc++";
				CLANG_ENABLE_MODULES = YES;
				CLANG_ENABLE_OBJC_ARC = YES;
				CLANG_ENABLE_OBJC_WEAK = YES;
				CLANG_WARN_BLOCK_CAPTURE_AUTORELEASING = YES;
				CLANG_WARN_BOOL_CONVERSION = YES;
				CLANG_WARN_COMMA = YES;
				CLANG_WARN_CONSTANT_CONVERSION = YES;
				CLANG_WARN_DEPRECATED_OBJC_IMPLEMENTATIONS = YES;
				CLANG_WARN_DIRECT_OBJC_ISA_USAGE = YES_ERROR;
				CLANG_WARN_DOCUMENTATION_COMMENTS = YES;
				CLANG_WARN_EMPTY_BODY = YES;
				CLANG_WARN_ENUM_CONVERSION = YES;
				CLANG_WARN_INFINITE_RECURSION = YES;
				CLANG_WARN_INT_CONVERSION = YES;
				CLANG_WARN_NON_LITERAL_NULL_CONVERSION = YES;
				CLANG_WARN_OBJC_IMPLICIT_RETAIN_SELF = YES;
				CLANG_WARN_OBJC_LITERAL_CONVERSION = YES;
				CLANG_WARN_OBJC_ROOT_CLASS = YES_ERROR;
				CLANG_WARN_RANGE_LOOP_ANALYSIS = YES;
				CLANG_WARN_STRICT_PROTOTYPES = YES;
				CLANG_WARN_SUSPICIOUS_MOVE = YES;
				CLANG_WARN_UNGUARDED_AVAILABILITY = YES_AGGRESSIVE;
				CLANG_WARN_UNREACHABLE_CODE = YES;
				CLANG_WARN__DUPLICATE_METHOD_MATCH = YES;
				CODE_SIGN_IDENTITY = "iPhone Developer";
				COPY_PHASE_STRIP = NO;
				DEBUG_INFORMATION_FORMAT = dwarf;
				ENABLE_STRICT_OBJC_MSGSEND = YES;
				ENABLE_TESTABILITY = YES;
				GCC_C_LANGUAGE_STANDARD = gnu11;
				GCC_DYNAMIC_NO_PIC = NO;
				GCC_NO_COMMON_BLOCKS = YES;
				GCC_OPTIMIZATION_LEVEL = 0;
				GCC_PREPROCESSOR_DEFINITIONS = (
					"DEBUG=1",
					"$(inherited)",
				);
				GCC_WARN_64_TO_32_BIT_CONVERSION = YES;
				GCC_WARN_ABOUT_RETURN_TYPE = YES_ERROR;
				GCC_WARN_UNDECLARED_SELECTOR = YES;
				GCC_WARN_UNINITIALIZED_AUTOS = YES_AGGRESSIVE;
				GCC_WARN_UNUSED_FUNCTION = YES;
				GCC_WARN_UNUSED_VARIABLE = YES;
				IPHONEOS_DEPLOYMENT_TARGET = 11.4;
				MTL_ENABLE_DEBUG_INFO = YES;
				ONLY_ACTIVE_ARCH = YES;
				SDKROOT = iphoneos;
			};
			name = Debug;
		};
		454AB80F21424BF400DF9BB1 /* Release */ = {
			isa = XCBuildConfiguration;
			buildSettings = {
				ALWAYS_SEARCH_USER_PATHS = NO;
				CLANG_ANALYZER_NONNULL = YES;
				CLANG_ANALYZER_NUMBER_OBJECT_CONVERSION = YES_AGGRESSIVE;
				CLANG_CXX_LANGUAGE_STANDARD = "gnu++14";
				CLANG_CXX_LIBRARY = "libc++";
				CLANG_ENABLE_MODULES = YES;
				CLANG_ENABLE_OBJC_ARC = YES;
				CLANG_ENABLE_OBJC_WEAK = YES;
				CLANG_WARN_BLOCK_CAPTURE_AUTORELEASING = YES;
				CLANG_WARN_BOOL_CONVERSION = YES;
				CLANG_WARN_COMMA = YES;
				CLANG_WARN_CONSTANT_CONVERSION = YES;
				CLANG_WARN_DEPRECATED_OBJC_IMPLEMENTATIONS = YES;
				CLANG_WARN_DIRECT_OBJC_ISA_USAGE = YES_ERROR;
				CLANG_WARN_DOCUMENTATION_COMMENTS = YES;
				CLANG_WARN_EMPTY_BODY = YES;
				CLANG_WARN_ENUM_CONVERSION = YES;
				CLANG_WARN_INFINITE_RECURSION = YES;
				CLANG_WARN_INT_CONVERSION = YES;
				CLANG_WARN_NON_LITERAL_NULL_CONVERSION = YES;
				CLANG_WARN_OBJC_IMPLICIT_RETAIN_SELF = YES;
				CLANG_WARN_OBJC_LITERAL_CONVERSION = YES;
				CLANG_WARN_OBJC_ROOT_CLASS = YES_ERROR;
				CLANG_WARN_RANGE_LOOP_ANALYSIS = YES;
				CLANG_WARN_STRICT_PROTOTYPES = YES;
				CLANG_WARN_SUSPICIOUS_MOVE = YES;
				CLANG_WARN_UNGUARDED_AVAILABILITY = YES_AGGRESSIVE;
				CLANG_WARN_UNREACHABLE_CODE = YES;
				CLANG_WARN__DUPLICATE_METHOD_MATCH = YES;
				CODE_SIGN_IDENTITY = "iPhone Developer";
				COPY_PHASE_STRIP = NO;
				DEBUG_INFORMATION_FORMAT = "dwarf-with-dsym";
				ENABLE_NS_ASSERTIONS = NO;
				ENABLE_STRICT_OBJC_MSGSEND = YES;
				GCC_C_LANGUAGE_STANDARD = gnu11;
				GCC_NO_COMMON_BLOCKS = YES;
				GCC_WARN_64_TO_32_BIT_CONVERSION = YES;
				GCC_WARN_ABOUT_RETURN_TYPE = YES_ERROR;
				GCC_WARN_UNDECLARED_SELECTOR = YES;
				GCC_WARN_UNINITIALIZED_AUTOS = YES_AGGRESSIVE;
				GCC_WARN_UNUSED_FUNCTION = YES;
				GCC_WARN_UNUSED_VARIABLE = YES;
				IPHONEOS_DEPLOYMENT_TARGET = 11.4;
				MTL_ENABLE_DEBUG_INFO = NO;
				SDKROOT = iphoneos;
				VALIDATE_PRODUCT = YES;
			};
			name = Release;
		};
		454AB81121424BF400DF9BB1 /* Debug */ = {
			isa = XCBuildConfiguration;
			buildSettings = {
				ASSETCATALOG_COMPILER_APPICON_NAME = AppIcon;
				CODE_SIGN_STYLE = Automatic;
				INFOPLIST_FILE = MulThreading/Info.plist;
				LD_RUNPATH_SEARCH_PATHS = (
					"$(inherited)",
					"@executable_path/Frameworks",
				);
				PRODUCT_BUNDLE_IDENTIFIER = SDJoky.MulThreading;
				PRODUCT_NAME = "$(TARGET_NAME)";
				TARGETED_DEVICE_FAMILY = "1,2";
			};
			name = Debug;
		};
		454AB81221424BF400DF9BB1 /* Release */ = {
			isa = XCBuildConfiguration;
			buildSettings = {
				ASSETCATALOG_COMPILER_APPICON_NAME = AppIcon;
				CODE_SIGN_STYLE = Automatic;
				INFOPLIST_FILE = MulThreading/Info.plist;
				LD_RUNPATH_SEARCH_PATHS = (
					"$(inherited)",
					"@executable_path/Frameworks",
				);
				PRODUCT_BUNDLE_IDENTIFIER = SDJoky.MulThreading;
				PRODUCT_NAME = "$(TARGET_NAME)";
				TARGETED_DEVICE_FAMILY = "1,2";
			};
			name = Release;
		};
/* End XCBuildConfiguration section */

/* Begin XCConfigurationList section */
		454AB7F521424BF200DF9BB1 /* Build configuration list for PBXProject "MulThreading" */ = {
			isa = XCConfigurationList;
			buildConfigurations = (
				454AB80E21424BF400DF9BB1 /* Debug */,
				454AB80F21424BF400DF9BB1 /* Release */,
			);
			defaultConfigurationIsVisible = 0;
			defaultConfigurationName = Release;
		};
		454AB81021424BF400DF9BB1 /* Build configuration list for PBXNativeTarget "MulThreading" */ = {
			isa = XCConfigurationList;
			buildConfigurations = (
				454AB81121424BF400DF9BB1 /* Debug */,
				454AB81221424BF400DF9BB1 /* Release */,
			);
			defaultConfigurationIsVisible = 0;
			defaultConfigurationName = Release;
		};
/* End XCConfigurationList section */
	};
	rootObject = 454AB7F221424BF200DF9BB1 /* Project object */;
}
